
Microsoft Visual Studio Solution File, Format Version 12.00
# Visual Studio 15
VisualStudioVersion = 15.0.27004.2008
MinimumVisualStudioVersion = 10.0.40219.1
Project("{FAE04EC0-301F-11D3-BF4B-00C04F79EFBC}") = "Security.IdentityServer", "Security.IdentityServer\Security.IdentityServer.csproj", "{3247EAE2-7579-4C85-9270-926C8F39291C}"
EndProject
Global
	GlobalSection(SolutionConfigurationPlatforms) = preSolution
		Debug|Any CPU = Debug|Any CPU
		Release|Any CPU = Release|Any CPU
	EndGlobalSection
	GlobalSection(ProjectConfigurationPlatforms) = postSolution
		{3247EAE2-7579-4C85-9270-926C8F39291C}.Debug|Any CPU.ActiveCfg = Debug|Any CPU
		{3247EAE2-7579-4C85-9270-926C8F39291C}.Debug|Any CPU.Build.0 = Debug|Any CPU
		{3247EAE2-7579-4C85-9270-926C8F39291C}.Release|Any CPU.ActiveCfg = Release|Any CPU
		{3247EAE2-7579-4C85-9270-926C8F39291C}.Release|Any CPU.Build.0 = Release|Any CPU
	EndGlobalSection
	GlobalSection(SolutionProperties) = preSolution
		HideSolutionNode = FALSE
	EndGlobalSection
	GlobalSection(ExtensibilityGlobals) = postSolution
		SolutionGuid = {F0BFB19E-825F-438C-A165-E2B044669464}
	EndGlobalSection
EndGlobal
